
Microsoft Visual Studio Solution File, Format Version 12.00
# Visual Studio 15
VisualStudioVersion = 15.0.28010.2016
MinimumVisualStudioVersion = 10.0.40219.1
Project("{FAE04EC0-301F-11D3-BF4B-00C04F79EFBC}") = "LatestBlazor", "LatestBlazor\LatestBlazor.csproj", "{155286A8-3439-492A-A958-6FB266713087}"
EndProject
Global
	GlobalSection(SolutionConfigurationPlatforms) = preSolution
		Debug|Any CPU = Debug|Any CPU
		Release|Any CPU = Release|Any CPU
	EndGlobalSection
	GlobalSection(ProjectConfigurationPlatforms) = postSolution
		{155286A8-3439-492A-A958-6FB266713087}.Debug|Any CPU.ActiveCfg = Debug|Any CPU
		{155286A8-3439-492A-A958-6FB266713087}.Debug|Any CPU.Build.0 = Debug|Any CPU
		{155286A8-3439-492A-A958-6FB266713087}.Release|Any CPU.ActiveCfg = Release|Any CPU
		{155286A8-3439-492A-A958-6FB266713087}.Release|Any CPU.Build.0 = Release|Any CPU
	EndGlobalSection
	GlobalSection(SolutionProperties) = preSolution
		HideSolutionNode = FALSE
	EndGlobalSection
	GlobalSection(ExtensibilityGlobals) = postSolution
		SolutionGuid = {A250645F-FC4E-4D36-9959-637968554FF8}
	EndGlobalSection
EndGlobal
